# This file is autogenerated, do not edit; changes may be undone by the next 'dep ensure'.


[[projects]]
  digest = "1:fed1f537c2f1269fe475a8556c393fe466641682d73ef8fd0491cd3aa1e47bad"
  name = "github.com/certifi/gocertifi"
  packages = ["."]
  pruneopts = "UT"
  revision = "deb3ae2ef2610fde3330947281941c562861188b"
  version = "2018.01.18"

[[projects]]
  digest = "1:12bc53a794bd3f5169f71e87c18e15df70c51324e51d84a6b83dbdadf366d2c7"
  name = "github.com/dave/jennifer"
  packages = ["jen"]
  pruneopts = "UT"
  revision = "e2c46c587b5f3cf3dec985fd8f7e8232f9e40ac9"
  version = "v1.1.0"

[[projects]]
  digest = "1:ffe9824d294da03b391f44e1ae8281281b4afc1bdaa9588c9097785e3af10cec"
  name = "github.com/davecgh/go-spew"
  packages = ["spew"]
  pruneopts = "UT"
  revision = "8991bc29aa16c548c550c7ff78260e27b9ab7c73"
  version = "v1.1.1"

[[projects]]
  digest = "1:d18f6f088d7d8365df47f49dfa24b6ff6701a941118ffda30c589d1bd954074b"
  name = "github.com/getsentry/raven-go"
  packages = ["."]
  pruneopts = "UT"
  revision = "f04e7487e9a6b9d9837d52743fb5f40576c56411"
  version = "v0.2.0"

[[projects]]
  digest = "1:586ea76dbd0374d6fb649a91d70d652b7fe0ccffb8910a77468e7702e7901f3d"
  name = "github.com/go-stack/stack"
  packages = ["."]
  pruneopts = "UT"
  revision = "2fee6af1a9795aafbe0253a0cfbdf668e1fb8a9a"
  version = "v1.8.0"

[[projects]]
  digest = "1:3a26588bc48b96825977c1b3df964f8fd842cd6860cc26370588d3563433cf11"
  name = "github.com/google/uuid"
  packages = ["."]
  pruneopts = "UT"
  revision = "d460ce9f8df2e77fb1ba55ca87fafed96c607494"
  version = "v1.0.0"

[[projects]]
  digest = "1:e96640e5b9ce93e2d7ee18f48048483080fd23e72e3c38bc17e9c8b77062031a"
  name = "github.com/inconshreveable/log15"
  packages = ["."]
  pruneopts = "UT"
  revision = "67afb5ed74ec82fd7ac8f49d27c509ac6f991970"
  version = "v2.14"

[[projects]]
  digest = "1:c658e84ad3916da105a761660dcaeb01e63416c8ec7bc62256a9b411a05fcd67"
  name = "github.com/mattn/go-colorable"
  packages = ["."]
  pruneopts = "UT"
  revision = "167de6bfdfba052fa6b2d3664c8f5272e23c9072"
  version = "v0.0.9"

[[projects]]
  digest = "1:0981502f9816113c9c8c4ac301583841855c8cf4da8c72f696b3ebedf6d0e4e5"
  name = "github.com/mattn/go-isatty"
  packages = ["."]
  pruneopts = "UT"
  revision = "6ca4dbf54d38eea1a992b3c722a76a5d1c4cb25c"
  version = "v0.0.4"

[[projects]]
  digest = "1:e5d0bd87abc2781d14e274807a470acd180f0499f8bf5bb18606e9ec22ad9de9"
  name = "github.com/pborman/uuid"
  packages = ["."]
  pruneopts = "UT"
  revision = "adf5a7427709b9deb95d29d3fa8a2bf9cfd388f1"
  version = "v1.2"

[[projects]]
  digest = "1:cf31692c14422fa27c83a05292eb5cbe0fb2775972e8f1f8446a71549bd8980b"
  name = "github.com/pkg/errors"
  packages = ["."]
  pruneopts = "UT"
  revision = "ba968bfe8b2f7e042a574c888954fccecfa385b4"
  version = "v0.8.1"

[[projects]]
  digest = "1:0028cb19b2e4c3112225cd871870f2d9cf49b9b4276531f03438a88e94be86fe"
  name = "github.com/pmezard/go-difflib"
  packages = ["difflib"]
  pruneopts = "UT"
  revision = "792786c7400a136282c1664665ae0a8db921c6c2"
  version = "v1.0.0"

[[projects]]
  branch = "master"
  digest = "1:3f7c2af57e790ef6307097683bb00ad512f1ae789fa1945fa0d99603759ecb5e"
  name = "github.com/puppetlabs/errawr-gen"
  packages = [
    "doc",
    "generator",
    "golang",
  ]
  pruneopts = "UT"
  revision = "25b3987ffdc7671fb6f2670ff9e29f530eaab424"

[[projects]]
  branch = "master"
  digest = "1:a77f5ba4d2dfca6d98d0bf1e281c8b111584675277e85f9f4ff161eefaae6bd3"
  name = "github.com/puppetlabs/errawr-go"
  packages = [
    ".",
    "encoding",
    "golang",
    "impl",
    "testutil",
  ]
  pruneopts = "UT"
  revision = "65d245f230b4e52f6ff327888176cb4bb3155f66"

[[projects]]
  branch = "master"
  digest = "1:3929de0bc037c2c5035b8200ab7d8490ea91e3c9efc16832477852a3de4e549d"
  name = "github.com/puppetlabs/insights-instrumentation"
  packages = [
    "alerts",
    "alerts/internal/httputil",
    "alerts/internal/noop",
    "alerts/internal/sentry",
    "alerts/trackers",
    "errors",
  ]
  pruneopts = "UT"
  revision = "25a3532380c155af6ba254886ac810d5fd73a473"

[[projects]]
  branch = "master"
  digest = "1:2d574e1ee801f5490cf6f52af5e8b81f31c0e2245f09bb4f6830938b75db5ce1"
  name = "github.com/puppetlabs/insights-logging"
  packages = ["."]
  pruneopts = "UT"
  revision = "3b7d3d14cd5b2cedaffb60f9c33402e248beac0c"

[[projects]]
  branch = "master"
  digest = "1:2a9f20865e6699e4a9283f4d34bbc5180206f0b8414ca457435f71dc36533e96"
  name = "github.com/reflect/raymond"
  packages = [
    ".",
    "ast",
    "lexer",
    "parser",
  ]
  pruneopts = "UT"
  revision = "c9bbd5eb5acf01bc4f2a9a8b3570834fd1f58c74"

[[projects]]
  branch = "master"
  digest = "1:49f09f49eb6d0f25de2cf1add4789fb09902d6723dbe627f723b93a670f2154f"
  name = "github.com/reflect/xflag"
  packages = ["."]
  pruneopts = "UT"
  revision = "6465eec3280b3c62916b20d0a47ece8511c0b116"

[[projects]]
  branch = "master"
  digest = "1:adfdfff61f6dcb570f739550de62e5a19f914789b68228915c9f02b4659f7d35"
  name = "github.com/reflect/xparse"
  packages = ["xtime"]
  pruneopts = "UT"
  revision = "ab29bdc5e11cbe8a53857bd1dbc6703144de2973"

[[projects]]
  branch = "master"
  digest = "1:efa124a0ca36a35cc1a1b472cb0fa2be1e7d9fd1db0f8bc9a042e42e4c6405aa"
  name = "github.com/serenize/snaker"
  packages = ["."]
  pruneopts = "UT"
  revision = "a683aaf2d516deecd70cad0c72e3ca773ecfcef0"

[[projects]]
  digest = "1:befd7181c2f92c9f05abf17cd7e15538919f19cf7871d794cacc45a4fb99c135"
  name = "github.com/stretchr/testify"
  packages = [
    "assert",
    "require",
  ]
  pruneopts = "UT"
  revision = "f35b8ab0b5a2cef36673838d662e249dd9c94686"
  version = "v1.2.2"

[[projects]]
  branch = "master"
  digest = "1:f4e5276a3b356f4692107047fd2890f2fe534f4feeb6b1fd2f6dfbd87f1ccf54"
  name = "github.com/xeipuuv/gojsonpointer"
  packages = ["."]
  pruneopts = "UT"
  revision = "4e3ac2762d5f479393488629ee9370b50873b3a6"

[[projects]]
  branch = "master"
  digest = "1:dc6a6c28ca45d38cfce9f7cb61681ee38c5b99ec1425339bfc1e1a7ba769c807"
  name = "github.com/xeipuuv/gojsonreference"
  packages = ["."]
  pruneopts = "UT"
  revision = "bd5ef7bd5415a7ac448318e64f11a24cd21e594b"

[[projects]]
  digest = "1:41bd4de0a27c0b7affef4083bc8f86501b4c7d891f95809a0fb758a23eb5e78f"
  name = "github.com/xeipuuv/gojsonschema"
  packages = ["."]
  pruneopts = "UT"
  revision = "da425ebb7609ba06a0f395fc8a254d1c303364a0"
  version = "v1.0"

[[projects]]
  branch = "master"
  digest = "1:35560529f5721d65f36dc23aa15fbf7306c5091cdc3f29f65881af5031b80cc8"
  name = "golang.org/x/sys"
  packages = ["unix"]
  pruneopts = "UT"
  revision = "9b800f95dbbc54abff0acf7ee32d88ba4e328c89"

[[projects]]
  digest = "1:342378ac4dcb378a5448dd723f0784ae519383532f5e70ade24132c4c8693202"
  name = "gopkg.in/yaml.v2"
  packages = ["."]
  pruneopts = "UT"
  revision = "5420a8b6744d3b0345ab293f6fcba19c978f1183"
  version = "v2.2.1"

[solve-meta]
  analyzer-name = "dep"
  analyzer-version = 1
  input-imports = [
    "github.com/pborman/uuid",
    "github.com/puppetlabs/errawr-gen/generator",
    "github.com/puppetlabs/errawr-go",
    "github.com/puppetlabs/errawr-go/encoding",
    "github.com/puppetlabs/errawr-go/impl",
    "github.com/puppetlabs/errawr-go/testutil",
    "github.com/puppetlabs/insights-instrumentation/alerts",
    "github.com/puppetlabs/insights-instrumentation/alerts/trackers",
    "github.com/puppetlabs/insights-logging",
    "github.com/reflect/xparse/xtime",
    "github.com/stretchr/testify/assert",
    "github.com/stretchr/testify/require",
  ]
  solver-name = "gps-cdcl"
  solver-version = 1
