github.com/dave/jennifer v0.0.0-20171004025221-97587ff16f68 h1:kO0EmtIiU1BiIMqtO41nHJL/0MPBBPz3PUOy/dWw3aM=
github.com/dave/jennifer v0.0.0-20171004025221-97587ff16f68/go.mod h1:fIb+770HOpJ2fmN9EPPKOqm1vMGhB+TwXKMZhrIygKg=
github.com/davecgh/go-spew v1.1.0 h1:ZDRjVQ15GmhC3fiQ8ni8+OwkZQO4DARzQgrnXU1Liz8=
github.com/davecgh/go-spew v1.1.0/go.mod h1:J7Y8YcW2NihsgmVo/mv3lAwl/skON4iLHjSsI+c5H38=
github.com/davecgh/go-spew v1.1.1 h1:vj9j/u1bqnvCEfJOwUhtlOARqs3+rkHYY13jYWTU97c=
github.com/davecgh/go-spew v1.1.1/go.mod h1:J7Y8YcW2NihsgmVo/mv3lAwl/skON4iLHjSsI+c5H38=
github.com/fsnotify/fsnotify v1.4.7 h1:IXs+QLmnXW2CcXuY+8Mzv/fWEsPGWxqefPtCP5CnV9I=
github.com/fsnotify/fsnotify v1.4.7/go.mod h1:jwhsz4b93w/PPRr/qN1Yymfu8t87LnFCMoQvtojpjFo=
github.com/golang/protobuf v1.2.0 h1:P3YflyNX/ehuJFLhxviNdFxQPkGK5cDcApsge1SqnvM=
github.com/golang/protobuf v1.2.0/go.mod h1:6lQm79b+lXiMfvg/cZm0SGofjICqVBUtrP5yJMmIC1U=
github.com/hpcloud/tail v1.0.0 h1:nfCOvKYfkgYP8hkirhJocXT2+zOD8yUNjXaWfTlyFKI=
github.com/hpcloud/tail v1.0.0/go.mod h1:ab1qPbhIpdTxEkNHXyeSf5vhxWSCs/tWer42PpOxQnU=
github.com/kr/pretty v0.1.0 h1:L/CwN0zerZDmRFUapSPitk6f+Q3+0za1rQkzVuMiMFI=
github.com/kr/pretty v0.1.0/go.mod h1:dAy3ld7l9f0ibDNOQOHHMYYIIbhfbHSm3C4ZsoJORNo=
github.com/kr/pty v1.1.1/go.mod h1:pFQYn66WHrOpPYNljwOMqo10TkYh1fy3cYio2l3bCsQ=
github.com/kr/text v0.1.0 h1:45sCR5RtlFHMR4UwH9sdQ5TC8v0qDQCHnXt+kaKSTVE=
github.com/kr/text v0.1.0/go.mod h1:4Jbv+DJW3UT/LiOwJeYQe1efqtUx/iVham/4vfdArNI=
github.com/onsi/ginkgo v1.6.0/go.mod h1:lLunBs/Ym6LB5Z9jYTR76FiuTmxDTDusOGeTQH+WWjE=
github.com/onsi/ginkgo v1.8.0 h1:VkHVNpR4iVnU8XQR6DBm8BqYjN7CRzw+xKUbVVbbW9w=
github.com/onsi/ginkgo v1.8.0/go.mod h1:lLunBs/Ym6LB5Z9jYTR76FiuTmxDTDusOGeTQH+WWjE=
github.com/onsi/gomega v1.5.0 h1:izbySO9zDPmjJ8rDjLvkA2zJHIo+HkYXHnf7eN7SSyo=
github.com/onsi/gomega v1.5.0/go.mod h1:ex+gbHU/CVuBBDIJjb2X0qEXbFg53c61hWP/1CpauHY=
github.com/pmezard/go-difflib v1.0.0 h1:4DBwDE0NGyQoBHbLQYPwSUPoCMWR5BEzIk/f1lZbAQM=
github.com/pmezard/go-difflib v1.0.0/go.mod h1:iKH77koFhYxTK1pcRnkKkqfTogsbg7gZNVY4sRDYZ/4=
github.com/puppetlabs/errawr-gen v1.0.1 h1:bb5wGcb6l1Yq+yeITM1TwkzUd4lbUUFzwkbLVcLBy+w=
github.com/puppetlabs/errawr-gen v1.0.1/go.mod h1:tv4cnckPnxd51XksuKix1KVFWvoYitu7dpgK7/n9Wpo=
github.com/puppetlabs/errawr-go/v2 v2.1.0/go.mod h1:TFKBrNpfPDG8ta8/NfaqpC+hMMsJqd9xKvBJDRgHFCQ=
github.com/puppetlabs/errawr-go/v2 v2.2.0 h1:HiX2K0PoZCwe2F2ZPf4QF3xeNzNNuov3QCwZprsNcqI=
github.com/puppetlabs/errawr-go/v2 v2.2.0/go.mod h1:SJ1lTqOW0HcfqVPS/F7kSrUAc4o/6DfjBatQ5TTS/JU=
github.com/reflect/raymond v0.0.0-20190227215356-5fa3955f4a50 h1:tQC2Xbytchkj88dqeRQeuvfG4mDSKU/r5ovo+16XJ2I=
github.com/reflect/raymond v0.0.0-20190227215356-5fa3955f4a50/go.mod h1:Bmc/S4QVVTw9ZH5y5JLDKbgeykqJLnSiUqtQ9SaHjmQ=
github.com/serenize/snaker v0.0.0-20171002133257-c7a77c38c398 h1:BbvM3zbEZXBScbJawRAPLkmc44D1KUi/zR5NIBPOWMI=
github.com/serenize/snaker v0.0.0-20171002133257-c7a77c38c398/go.mod h1:Yow6lPLSAXx2ifx470yD/nUe22Dv5vBvxK/UK9UUTVs=
github.com/shurcooL/httpfs v0.0.0-20190527155220-6a4d4a70508b h1:4kg1wyftSKxLtnPAvcRWakIPpokB9w780/KwrNLnfPA=
github.com/shurcooL/httpfs v0.0.0-20190527155220-6a4d4a70508b/go.mod h1:ZY1cvUeJuFPAdZ/B6v7RHavJWZn2YPVFQ1OSXhCGOkg=
github.com/shurcooL/vfsgen v0.0.0-20181202132449-6a9ea43bcacd h1:ug7PpSOB5RBPK1Kg6qskGBoP3Vnj/aNYFTznWvlkGo0=
github.com/shurcooL/vfsgen v0.0.0-20181202132449-6a9ea43bcacd/go.mod h1:TrYk7fJVaAttu97ZZKrO9UbRa8izdowaMIZcxYMbVaw=
github.com/stretchr/objx v0.1.0/go.mod h1:HFkY916IF+rwdDfMAkV7OtwuqBVzrE8GR6GFx+wExME=
github.com/stretchr/testify v1.3.0 h1:TivCn/peBQ7UY8ooIcPgZFpTNSz0Q2U6UrFlUfqbe0Q=
github.com/stretchr/testify v1.3.0/go.mod h1:M5WIy9Dh21IEIfnGCwXGc5bZfKNJtfHm1UVUgZn+9EI=
github.com/xeipuuv/gojsonpointer v0.0.0-20170225233418-6fe8760cad35 h1:0TnXeVP6mx+A4CBf8cQVkQfkhyGBQCmJcT4g6zKzm7M=
github.com/xeipuuv/gojsonpointer v0.0.0-20170225233418-6fe8760cad35/go.mod h1:N2zxlSyiKSe5eX1tZViRH5QA0qijqEDrYZiPEAiq3wU=
github.com/xeipuuv/gojsonreference v0.0.0-20150808065054-e02fc20de94c h1:XZWnr3bsDQWAZg4Ne+cPoXRPILrNlPNQfxBuwLl43is=
github.com/xeipuuv/gojsonreference v0.0.0-20150808065054-e02fc20de94c/go.mod h1:GwrjFmJcFw6At/Gs6z4yjiIwzuJ1/+UwLxMQDVQXShQ=
github.com/xeipuuv/gojsonschema v0.0.0-20171025060643-212d8a0df7ac h1:4VBKAdTNqxLs00+bB+9Lnosfg6keGxPEXZ28e7hZV3A=
github.com/xeipuuv/gojsonschema v0.0.0-20171025060643-212d8a0df7ac/go.mod h1:5yf86TLmAcydyeJq5YvxkGPE2fm/u4myDekKRoLuqhs=
golang.org/x/crypto v0.0.0-20190308221718-c2843e01d9a2/go.mod h1:djNgcEr1/C05ACkg1iLfiJU5Ep61QUkGW8qpdssI0+w=
golang.org/x/net v0.0.0-20180906233101-161cd47e91fd/go.mod h1:mL1N/T3taQHkDXs73rZJwtUhF3w3ftmwwsq0BUmARs4=
golang.org/x/net v0.0.0-20190311183353-d8887717615a h1:oWX7TPOiFAMXLq8o0ikBYfCJVlRHBcsciT5bXOrH628=
golang.org/x/net v0.0.0-20190311183353-d8887717615a/go.mod h1:t9HGtf8HONx5eT2rtn7q6eTqICYqUVnKs3thJo3Qplg=
golang.org/x/sync v0.0.0-20180314180146-1d60e4601c6f/go.mod h1:RxMgew5VJxzue5/jJTE5uejpjVlOe/izrB70Jof72aM=
golang.org/x/sync v0.0.0-20190423024810-112230192c58 h1:8gQV6CLnAEikrhgkHFbMAEhagSSnXWGV915qUMm9mrU=
golang.org/x/sync v0.0.0-20190423024810-112230192c58/go.mod h1:RxMgew5VJxzue5/jJTE5uejpjVlOe/izrB70Jof72aM=
golang.org/x/sys v0.0.0-20180909124046-d0be0721c37e/go.mod h1:STP8DvDyc/dI5b8T5hshtkjS+E42TnysNCUPdjciGhY=
golang.org/x/sys v0.0.0-20190215142949-d0b11bdaac8a/go.mod h1:STP8DvDyc/dI5b8T5hshtkjS+E42TnysNCUPdjciGhY=
golang.org/x/sys v0.0.0-20190613124609-5ed2794edfdc h1:x+/QxSNkVFAC+v4pL1f6mZr1z+qgi+FoR8ccXZPVC10=
golang.org/x/sys v0.0.0-20190613124609-5ed2794edfdc/go.mod h1:h1NjWce9XRLGQEsW7wpKNCjG9DtNlClVuFLEZdDNbEs=
golang.org/x/text v0.3.0 h1:g61tztE5qeGQ89tm6NTjjM9VPIm088od1l6aSorWRWg=
golang.org/x/text v0.3.0/go.mod h1:NqM8EUOU14njkJ3fqMW+pc6Ldnwhi/IjpwHt7yyuwOQ=
golang.org/x/tools v0.0.0-20190611164126-1d0142ba474a h1:7Wn09t99lLskLcCBJf45ZC52eUEGnCnsh4qUdDXoeUI=
golang.org/x/tools v0.0.0-20190611164126-1d0142ba474a/go.mod h1:/rFqwRUd4F7ZHNgwSSTFct+R/Kf4OFW1sUzUTQQTgfc=
gopkg.in/check.v1 v0.0.0-20161208181325-20d25e280405 h1:yhCVgyC4o1eVCa2tZl7eS0r+SDo693bJlVdllGtEeKM=
gopkg.in/check.v1 v0.0.0-20161208181325-20d25e280405/go.mod h1:Co6ibVJAznAaIkqp8huTwlJQCZ016jof/cbN4VW5Yz0=
gopkg.in/check.v1 v1.0.0-20180628173108-788fd7840127 h1:qIbj1fsPNlZgppZ+VLlY7N33q108Sa+fhmuc+sWQYwY=
gopkg.in/check.v1 v1.0.0-20180628173108-788fd7840127/go.mod h1:Co6ibVJAznAaIkqp8huTwlJQCZ016jof/cbN4VW5Yz0=
gopkg.in/fsnotify.v1 v1.4.7 h1:xOHLXZwVvI9hhs+cLKq5+I5onOuwQLhQwiu63xxlHs4=
gopkg.in/fsnotify.v1 v1.4.7/go.mod h1:Tz8NjZHkW78fSQdbUxIjBTcgA1z1m8ZHf0WmKUhAMys=
gopkg.in/tomb.v1 v1.0.0-20141024135613-dd632973f1e7 h1:uRGJdciOHaEIrze2W8Q3AKkepLTh2hOroT7a+7czfdQ=
gopkg.in/tomb.v1 v1.0.0-20141024135613-dd632973f1e7/go.mod h1:dt/ZhP58zS4L8KSrWDmTeBkI65Dw0HsyUHuEVlX15mw=
gopkg.in/yaml.v2 v2.2.1/go.mod h1:hI93XBmqTisBFMUTm0b8Fm+jr3Dg1NNxqwp+5A1VGuI=
gopkg.in/yaml.v2 v2.2.2/go.mod h1:hI93XBmqTisBFMUTm0b8Fm+jr3Dg1NNxqwp+5A1VGuI=
gopkg.in/yaml.v2 v2.2.4 h1:/eiJrUcujPVeJ3xlSWaiNi3uSVmDGBK1pDHUHAnao1I=
gopkg.in/yaml.v2 v2.2.4/go.mod h1:hI93XBmqTisBFMUTm0b8Fm+jr3Dg1NNxqwp+5A1VGuI=
